
Microsoft Visual Studio Solution File, Format Version 12.00
# Visual Studio 15
VisualStudioVersion = 15.0.28010.2016
MinimumVisualStudioVersion = 10.0.40219.1
Project("{F184B08F-C81C-45F6-A57F-5ABD9991F28F}") = "food ordering app Prototype1", "food ordering app Prototype1\food ordering app Prototype1.vbproj", "{A8A6A415-B06A-446B-A39C-4C23E767B044}"
EndProject
Global
	GlobalSection(SolutionConfigurationPlatforms) = preSolution
		Debug|Any CPU = Debug|Any CPU
		Release|Any CPU = Release|Any CPU
	EndGlobalSection
	GlobalSection(ProjectConfigurationPlatforms) = postSolution
		{A8A6A415-B06A-446B-A39C-4C23E767B044}.Debug|Any CPU.ActiveCfg = Debug|Any CPU
		{A8A6A415-B06A-446B-A39C-4C23E767B044}.Debug|Any CPU.Build.0 = Debug|Any CPU
		{A8A6A415-B06A-446B-A39C-4C23E767B044}.Release|Any CPU.ActiveCfg = Release|Any CPU
		{A8A6A415-B06A-446B-A39C-4C23E767B044}.Release|Any CPU.Build.0 = Release|Any CPU
	EndGlobalSection
	GlobalSection(SolutionProperties) = preSolution
		HideSolutionNode = FALSE
	EndGlobalSection
	GlobalSection(ExtensibilityGlobals) = postSolution
		SolutionGuid = {17B7000F-EC10-4501-AC6A-C099EF475991}
	EndGlobalSection
EndGlobal
